
Microsoft Visual Studio Solution File, Format Version 12.00
# Visual Studio Version 16
VisualStudioVersion = 16.0.30204.135
MinimumVisualStudioVersion = 10.0.40219.1
Project("{FAE04EC0-301F-11D3-BF4B-00C04F79EFBC}") = "WInformLesson6.1", "WInformLesson6.1\WInformLesson6.1.csproj", "{EF0AF16B-576F-4E85-BF4D-0DC5886E95FD}"
EndProject
Global
	GlobalSection(SolutionConfigurationPlatforms) = preSolution
		Debug|Any CPU = Debug|Any CPU
		Release|Any CPU = Release|Any CPU
	EndGlobalSection
	GlobalSection(ProjectConfigurationPlatforms) = postSolution
		{EF0AF16B-576F-4E85-BF4D-0DC5886E95FD}.Debug|Any CPU.ActiveCfg = Debug|Any CPU
		{EF0AF16B-576F-4E85-BF4D-0DC5886E95FD}.Debug|Any CPU.Build.0 = Debug|Any CPU
		{EF0AF16B-576F-4E85-BF4D-0DC5886E95FD}.Release|Any CPU.ActiveCfg = Release|Any CPU
		{EF0AF16B-576F-4E85-BF4D-0DC5886E95FD}.Release|Any CPU.Build.0 = Release|Any CPU
	EndGlobalSection
	GlobalSection(SolutionProperties) = preSolution
		HideSolutionNode = FALSE
	EndGlobalSection
	GlobalSection(ExtensibilityGlobals) = postSolution
		SolutionGuid = {9B512831-F619-413A-888A-7D8312DEEF50}
	EndGlobalSection
EndGlobal
